
Microsoft Visual Studio Solution File, Format Version 12.00
# Visual Studio Version 16
VisualStudioVersion = 16.0.29709.97
MinimumVisualStudioVersion = 10.0.40219.1
Project("{FAE04EC0-301F-11D3-BF4B-00C04F79EFBC}") = "Fsu.Core", "fsu.core\Fsu.Core.csproj", "{A74702F9-8461-4586-9D5B-8A4DDA97AC62}"
EndProject
Project("{FAE04EC0-301F-11D3-BF4B-00C04F79EFBC}") = "Fsu", "fsu\Fsu.csproj", "{4F202C12-D18D-4088-91BB-4BC4D540A638}"
EndProject
Project("{2150E333-8FDC-42A3-9474-1A3956D46DE8}") = "Solution Items", "Solution Items", "{024A0BC5-0E80-49D4-92FA-90B3553221CD}"
	ProjectSection(SolutionItems) = preProject
		.editorconfig = .editorconfig
		.gitattributes = .gitattributes
		.gitignore = .gitignore
		appveyor.yml = appveyor.yml
		README.md = README.md
	EndProjectSection
EndProject
Project("{FAE04EC0-301F-11D3-BF4B-00C04F79EFBC}") = "Fsu.Tests", "fsu.tests\Fsu.Tests.csproj", "{E6AE7965-00A8-49BD-818C-E310662519F3}"
EndProject
Project("{FAE04EC0-301F-11D3-BF4B-00C04F79EFBC}") = "Fsu.Standard", "fsu.standard\Fsu.Standard.csproj", "{86B3B224-5FA3-4687-9A2F-2E6106615C89}"
EndProject
Global
	GlobalSection(SolutionConfigurationPlatforms) = preSolution
		Debug|Any CPU = Debug|Any CPU
		Release|Any CPU = Release|Any CPU
	EndGlobalSection
	GlobalSection(ProjectConfigurationPlatforms) = postSolution
		{A74702F9-8461-4586-9D5B-8A4DDA97AC62}.Debug|Any CPU.ActiveCfg = Debug|Any CPU
		{A74702F9-8461-4586-9D5B-8A4DDA97AC62}.Debug|Any CPU.Build.0 = Debug|Any CPU
		{A74702F9-8461-4586-9D5B-8A4DDA97AC62}.Release|Any CPU.ActiveCfg = Release|Any CPU
		{A74702F9-8461-4586-9D5B-8A4DDA97AC62}.Release|Any CPU.Build.0 = Release|Any CPU
		{4F202C12-D18D-4088-91BB-4BC4D540A638}.Debug|Any CPU.ActiveCfg = Debug|Any CPU
		{4F202C12-D18D-4088-91BB-4BC4D540A638}.Debug|Any CPU.Build.0 = Debug|Any CPU
		{4F202C12-D18D-4088-91BB-4BC4D540A638}.Release|Any CPU.ActiveCfg = Release|Any CPU
		{4F202C12-D18D-4088-91BB-4BC4D540A638}.Release|Any CPU.Build.0 = Release|Any CPU
		{E6AE7965-00A8-49BD-818C-E310662519F3}.Debug|Any CPU.ActiveCfg = Debug|Any CPU
		{E6AE7965-00A8-49BD-818C-E310662519F3}.Debug|Any CPU.Build.0 = Debug|Any CPU
		{E6AE7965-00A8-49BD-818C-E310662519F3}.Release|Any CPU.ActiveCfg = Release|Any CPU
		{E6AE7965-00A8-49BD-818C-E310662519F3}.Release|Any CPU.Build.0 = Release|Any CPU
		{86B3B224-5FA3-4687-9A2F-2E6106615C89}.Debug|Any CPU.ActiveCfg = Debug|Any CPU
		{86B3B224-5FA3-4687-9A2F-2E6106615C89}.Debug|Any CPU.Build.0 = Debug|Any CPU
		{86B3B224-5FA3-4687-9A2F-2E6106615C89}.Release|Any CPU.ActiveCfg = Release|Any CPU
		{86B3B224-5FA3-4687-9A2F-2E6106615C89}.Release|Any CPU.Build.0 = Release|Any CPU
	EndGlobalSection
	GlobalSection(SolutionProperties) = preSolution
		HideSolutionNode = FALSE
	EndGlobalSection
	GlobalSection(ExtensibilityGlobals) = postSolution
		SolutionGuid = {404C5035-96B8-4990-ADAE-A6153F0A57B4}
	EndGlobalSection
EndGlobal
